
Microsoft Visual Studio Solution File, Format Version 12.00
# Visual Studio Version 17
VisualStudioVersion = 17.8.34330.188
MinimumVisualStudioVersion = 10.0.40219.1
Project("{FAE04EC0-301F-11D3-BF4B-00C04F79EFBC}") = "LR2_MRPO", "LR2_MRPO.csproj", "{2FC1C0E2-7AEC-41B0-A867-FA06FF3288B0}"
EndProject
Global
	GlobalSection(SolutionConfigurationPlatforms) = preSolution
		Debug|Any CPU = Debug|Any CPU
		Release|Any CPU = Release|Any CPU
	EndGlobalSection
	GlobalSection(ProjectConfigurationPlatforms) = postSolution
		{2FC1C0E2-7AEC-41B0-A867-FA06FF3288B0}.Debug|Any CPU.ActiveCfg = Debug|Any CPU
		{2FC1C0E2-7AEC-41B0-A867-FA06FF3288B0}.Debug|Any CPU.Build.0 = Debug|Any CPU
		{2FC1C0E2-7AEC-41B0-A867-FA06FF3288B0}.Release|Any CPU.ActiveCfg = Release|Any CPU
		{2FC1C0E2-7AEC-41B0-A867-FA06FF3288B0}.Release|Any CPU.Build.0 = Release|Any CPU
	EndGlobalSection
	GlobalSection(SolutionProperties) = preSolution
		HideSolutionNode = FALSE
	EndGlobalSection
	GlobalSection(ExtensibilityGlobals) = postSolution
		SolutionGuid = {3234FFE8-6CEF-4455-9726-8BDFFAC9F547}
	EndGlobalSection
EndGlobal
